
Microsoft Visual Studio Solution File, Format Version 12.00
# Visual Studio Version 17
VisualStudioVersion = 17.5.33530.505
MinimumVisualStudioVersion = 10.0.40219.1
Project("{9A19103F-16F7-4668-BE54-9A1E7A4F7556}") = "ParquetViewer", "ParquetViewer\ParquetViewer.csproj", "{49B80636-C330-45E1-ACB6-D28BC7380C46}"
EndProject
Project("{9A19103F-16F7-4668-BE54-9A1E7A4F7556}") = "ParquetViewer.Tests", "ParquetViewer.Tests\ParquetViewer.Tests.csproj", "{F3D9664A-B4DE-4FCA-A17B-6569084D5C90}"
EndProject
Project("{FAE04EC0-301F-11D3-BF4B-00C04F79EFBC}") = "ParquetViewerGUI", "ParquetViewerGUI\ParquetViewerGUI.csproj", "{1F4AE308-1B70-410A-B251-5D67B8D55DFA}"
EndProject
Global
	GlobalSection(SolutionConfigurationPlatforms) = preSolution
		Debug|Any CPU = Debug|Any CPU
		Release|Any CPU = Release|Any CPU
	EndGlobalSection
	GlobalSection(ProjectConfigurationPlatforms) = postSolution
		{49B80636-C330-45E1-ACB6-D28BC7380C46}.Debug|Any CPU.ActiveCfg = Debug|Any CPU
		{49B80636-C330-45E1-ACB6-D28BC7380C46}.Debug|Any CPU.Build.0 = Debug|Any CPU
		{49B80636-C330-45E1-ACB6-D28BC7380C46}.Release|Any CPU.ActiveCfg = Release|Any CPU
		{49B80636-C330-45E1-ACB6-D28BC7380C46}.Release|Any CPU.Build.0 = Release|Any CPU
		{F3D9664A-B4DE-4FCA-A17B-6569084D5C90}.Debug|Any CPU.ActiveCfg = Debug|Any CPU
		{F3D9664A-B4DE-4FCA-A17B-6569084D5C90}.Debug|Any CPU.Build.0 = Debug|Any CPU
		{F3D9664A-B4DE-4FCA-A17B-6569084D5C90}.Release|Any CPU.ActiveCfg = Release|Any CPU
		{F3D9664A-B4DE-4FCA-A17B-6569084D5C90}.Release|Any CPU.Build.0 = Release|Any CPU
		{1F4AE308-1B70-410A-B251-5D67B8D55DFA}.Debug|Any CPU.ActiveCfg = Debug|Any CPU
		{1F4AE308-1B70-410A-B251-5D67B8D55DFA}.Debug|Any CPU.Build.0 = Debug|Any CPU
		{1F4AE308-1B70-410A-B251-5D67B8D55DFA}.Release|Any CPU.ActiveCfg = Release|Any CPU
		{1F4AE308-1B70-410A-B251-5D67B8D55DFA}.Release|Any CPU.Build.0 = Release|Any CPU
	EndGlobalSection
	GlobalSection(SolutionProperties) = preSolution
		HideSolutionNode = FALSE
	EndGlobalSection
	GlobalSection(ExtensibilityGlobals) = postSolution
		SolutionGuid = {BF9A0BBB-3CCB-4CFC-98EC-76C1138F9CD1}
	EndGlobalSection
EndGlobal
